{
	"name": "vtm-baires-next",
	"version": "0.1.0",
	"lockfileVersion": 2,
	"requires": true,
	"packages": {
		"": {
			"name": "vtm-baires-next",
			"version": "0.1.0",
			"dependencies": {
				"react": "npm:@preact/compat",
				"react-dom": "npm:@preact/compat"
			}
		},
		"node_modules/preact": {
			"version": "10.6.6",
			"resolved": "https://registry.npmjs.org/preact/-/preact-10.6.6.tgz",
			"integrity": "sha512-dgxpTFV2vs4vizwKohYKkk7g7rmp1wOOcfd4Tz3IB3Wi+ivZzsn/SpeKJhRENSE+n8sUfsAl4S3HiCVT923ABw==",
			"peer": true,
			"funding": {
				"type": "opencollective",
				"url": "https://opencollective.com/preact"
			}
		},
		"node_modules/react": {
			"name": "@preact/compat",
			"version": "17.0.3",
			"resolved": "https://registry.npmjs.org/@preact/compat/-/compat-17.0.3.tgz",
			"integrity": "sha512-lzkui97aQ00hxzUwfRfZm7jUXE1bjWyOXiqm8DeWYhkD+G9ZaY1wso/itqyg60wGnP9DRlM4PDn2blIOnh1yeg==",
			"peerDependencies": {
				"preact": "*"
			}
		},
		"node_modules/react-dom": {
			"name": "@preact/compat",
			"version": "17.0.3",
			"resolved": "https://registry.npmjs.org/@preact/compat/-/compat-17.0.3.tgz",
			"integrity": "sha512-lzkui97aQ00hxzUwfRfZm7jUXE1bjWyOXiqm8DeWYhkD+G9ZaY1wso/itqyg60wGnP9DRlM4PDn2blIOnh1yeg==",
			"peerDependencies": {
				"preact": "*"
			}
		}
	},
	"dependencies": {
		"preact": {
			"version": "10.6.6",
			"resolved": "https://registry.npmjs.org/preact/-/preact-10.6.6.tgz",
			"integrity": "sha512-dgxpTFV2vs4vizwKohYKkk7g7rmp1wOOcfd4Tz3IB3Wi+ivZzsn/SpeKJhRENSE+n8sUfsAl4S3HiCVT923ABw==",
			"peer": true
		},
		"react": {
			"version": "npm:@preact/compat@17.0.3",
			"resolved": "https://registry.npmjs.org/@preact/compat/-/compat-17.0.3.tgz",
			"integrity": "sha512-lzkui97aQ00hxzUwfRfZm7jUXE1bjWyOXiqm8DeWYhkD+G9ZaY1wso/itqyg60wGnP9DRlM4PDn2blIOnh1yeg==",
			"requires": {}
		},
		"react-dom": {
			"version": "npm:@preact/compat@17.0.3",
			"resolved": "https://registry.npmjs.org/@preact/compat/-/compat-17.0.3.tgz",
			"integrity": "sha512-lzkui97aQ00hxzUwfRfZm7jUXE1bjWyOXiqm8DeWYhkD+G9ZaY1wso/itqyg60wGnP9DRlM4PDn2blIOnh1yeg==",
			"requires": {}
		}
	}
}
